{
  "name": "e-netcraft",
  "version": "0.0.1",
  "lockfileVersion": 3,
  "requires": true,
  "packages": {
    "": {
      "name": "e-netcraft",
      "version": "0.0.1",
      "dependencies": {
        "@astrojs/mdx": "^7.0.0",
        "@astrojs/rss": "^4.0.19",
        "@astrojs/sitemap": "^3.7.3",
        "astro": "^7.0.4",
        "satteri": "^0.9.4",
        "sharp": "^0.35.0"
      },
      "engines": {
        "node": ">=22.12.0"
      }
    },
    "../.pnpm-store/v10/links/@astrojs/mdx/7.0.0/1065fd4b44b748ef24d8c51afb09e812fb0845bfb845600a7aa7657384018b06/node_modules/@astrojs/mdx": {
      "version": "7.0.0",
      "license": "MIT",
      "dependencies": {
        "@astrojs/internal-helpers": "0.10.0",
        "@astrojs/markdown-remark": "7.2.0",
        "@mdx-js/mdx": "^3.1.1",
        "acorn": "^8.16.0",
        "es-module-lexer": "^2.0.0",
        "estree-util-visit": "^2.0.0",
        "hast-util-to-html": "^9.0.5",
        "piccolore": "^0.1.3",
        "rehype-raw": "^7.0.0",
        "remark-gfm": "^4.0.1",
        "remark-smartypants": "^3.0.2",
        "source-map": "^0.7.6",
        "unist-util-visit": "^5.1.0",
        "vfile": "^6.0.3"
      },
      "devDependencies": {
        "@astrojs/markdown-satteri": "0.3.1",
        "@shikijs/rehype": "^4.0.2",
        "@shikijs/twoslash": "^4.0.2",
        "@types/estree": "^1.0.8",
        "@types/hast": "^3.0.4",
        "@types/mdast": "^4.0.4",
        "astro": "7.0.0",
        "astro-scripts": "0.0.14",
        "cheerio": "1.2.0",
        "linkedom": "^0.18.12",
        "mdast-util-mdx": "^3.0.0",
        "mdast-util-mdx-jsx": "^3.2.0",
        "rehype-mathjax": "^7.1.0",
        "rehype-pretty-code": "^0.14.3",
        "remark-math": "^6.0.0",
        "remark-rehype": "^11.1.2",
        "remark-toc": "^9.0.0",
        "satteri": "^0.9.1",
        "shiki": "^4.0.2",
        "unified": "^11.0.5",
        "vite": "^8.0.13"
      },
      "engines": {
        "node": ">=22.12.0"
      },
      "peerDependencies": {
        "@astrojs/markdown-satteri": "^0.3.1-alpha.0",
        "astro": "^7.0.0-alpha.0"
      },
      "peerDependenciesMeta": {
        "@astrojs/markdown-satteri": {
          "optional": true
        }
      }
    },
    "../.pnpm-store/v10/links/@astrojs/rss/4.0.19/47d81c05830e9b15ab9a78d77d94c2058541f37487998c752c83d60d9bd56706/node_modules/@astrojs/rss": {
      "version": "4.0.19",
      "license": "MIT",
      "dependencies": {
        "fast-xml-parser": "^5.5.7",
        "piccolore": "^0.1.3",
        "zod": "^4.3.6"
      },
      "devDependencies": {
        "@types/xml2js": "^0.4.14",
        "astro-scripts": "0.0.14",
        "xml2js": "0.6.2"
      }
    },
    "../.pnpm-store/v10/links/@astrojs/sitemap/3.7.3/a9f4fe7df7ba46bad1b50227c590e5b8f49fcb3f61152e9a51f9e9a969345a6e/node_modules/@astrojs/sitemap": {
      "version": "3.7.3",
      "license": "MIT",
      "dependencies": {
        "sitemap": "^9.0.0",
        "stream-replace-string": "^2.0.0",
        "zod": "^4.3.6"
      },
      "devDependencies": {
        "@types/xml2js": "^0.4.14",
        "astro": "6.3.8",
        "astro-scripts": "0.0.14",
        "xml2js": "0.6.2"
      }
    },
    "../.pnpm-store/v10/links/astro/7.0.4/e4e5c7887a4fa77132b6aa4aadc50148e727f3968786f385389be2bfd1ba64e2/node_modules/astro": {
      "version": "7.0.4",
      "license": "MIT",
      "dependencies": {
        "@astrojs/compiler-rs": "^0.3.0",
        "@astrojs/internal-helpers": "0.10.0",
        "@astrojs/markdown-satteri": "0.3.2",
        "@astrojs/telemetry": "3.3.2",
        "@capsizecss/unpack": "^4.0.0",
        "@clack/prompts": "^1.1.0",
        "@oslojs/encoding": "^1.1.0",
        "@rollup/pluginutils": "^5.3.0",
        "am-i-vibing": "^0.4.0",
        "aria-query": "^5.3.2",
        "axobject-query": "^4.1.0",
        "ci-info": "^4.4.0",
        "clsx": "^2.1.1",
        "common-ancestor-path": "^2.0.0",
        "cookie": "^1.1.1",
        "devalue": "^5.8.1",
        "diff": "^8.0.3",
        "dset": "^3.1.4",
        "es-module-lexer": "^2.0.0",
        "esbuild": "^0.28.0",
        "flattie": "^1.1.1",
        "fontace": "~0.4.1",
        "get-tsconfig": "5.0.0-beta.4",
        "github-slugger": "^2.0.0",
        "html-escaper": "3.0.3",
        "http-cache-semantics": "^4.2.0",
        "js-yaml": "^4.1.1",
        "jsonc-parser": "^3.3.1",
        "magic-string": "^0.30.21",
        "magicast": "^0.5.2",
        "mrmime": "^2.0.1",
        "neotraverse": "^0.6.18",
        "obug": "^2.1.1",
        "p-limit": "^7.3.0",
        "p-queue": "^9.1.0",
        "package-manager-detector": "^1.6.0",
        "piccolore": "^0.1.3",
        "picomatch": "^4.0.4",
        "rehype": "^13.0.2",
        "semver": "^7.7.4",
        "shiki": "^4.0.2",
        "smol-toml": "^1.6.0",
        "svgo": "^4.0.1",
        "tinyclip": "^0.1.12",
        "tinyexec": "^1.0.4",
        "tinyglobby": "^0.2.15",
        "ultrahtml": "^1.6.0",
        "unifont": "~0.7.4",
        "unist-util-visit": "^5.1.0",
        "unstorage": "^1.17.5",
        "vfile": "^6.0.3",
        "vite": "^8.0.13",
        "vitefu": "^1.1.2",
        "xxhash-wasm": "^1.1.0",
        "yargs-parser": "^22.0.0",
        "zod": "^4.3.6"
      },
      "bin": {
        "astro": "bin/astro.mjs"
      },
      "devDependencies": {
        "@astrojs/check": "0.9.9",
        "@astrojs/markdown-remark": "7.2.0",
        "@playwright/test": "1.58.2",
        "@types/aria-query": "^5.0.4",
        "@types/hast": "^3.0.4",
        "@types/html-escaper": "3.0.4",
        "@types/http-cache-semantics": "^4.2.0",
        "@types/js-yaml": "^4.0.9",
        "@types/parse-srcset": "^1.0.0",
        "@types/picomatch": "^4.0.2",
        "@types/semver": "^7.7.1",
        "@types/yargs-parser": "^21.0.3",
        "astro-scripts": "0.0.14",
        "cheerio": "1.2.0",
        "eol": "^0.10.0",
        "expect-type": "^1.3.0",
        "fs-fixture": "^2.13.0",
        "hono": "^4.12.14",
        "node-mocks-http": "^1.17.2",
        "parse-srcset": "^1.0.2",
        "rehype-autolink-headings": "^7.1.0",
        "rehype-slug": "^6.0.0",
        "rehype-toc": "^3.0.2",
        "remark-code-titles": "^0.1.2",
        "sass": "^1.98.0",
        "typescript": "^6.0.3",
        "undici": "^7.22.0",
        "unified": "^11.0.5",
        "vitest": "^4.1.0"
      },
      "engines": {
        "node": ">=22.12.0",
        "npm": ">=9.6.5",
        "pnpm": ">=7.1.0"
      },
      "funding": {
        "type": "opencollective",
        "url": "https://opencollective.com/astrodotbuild"
      },
      "optionalDependencies": {
        "sharp": "^0.34.0 || ^0.35.0"
      },
      "peerDependencies": {
        "@astrojs/markdown-remark": "7.2.0"
      },
      "peerDependenciesMeta": {
        "@astrojs/markdown-remark": {
          "optional": true
        }
      }
    },
    "../.pnpm-store/v10/links/sharp/0.35.3/5e8d15846ff95c51562bc5ac2758bae440b71bfd4c131af697e1eaf6370a41d0/node_modules/sharp": {
      "version": "0.35.3",
      "license": "Apache-2.0",
      "dependencies": {
        "@img/colour": "^1.1.0",
        "detect-libc": "^2.1.2",
        "semver": "^7.8.5"
      },
      "devDependencies": {
        "@biomejs/biome": "^2.5.1",
        "@cpplint/cli": "^0.1.0",
        "@emnapi/runtime": "^1.11.1",
        "@img/sharp-libvips-dev": "1.3.2",
        "@img/sharp-libvips-dev-wasm32": "1.3.2",
        "@img/sharp-libvips-win32-arm64": "1.3.2",
        "@img/sharp-libvips-win32-ia32": "1.3.2",
        "@img/sharp-libvips-win32-x64": "1.3.2",
        "@types/node": "*",
        "emnapi": "^1.11.1",
        "exif-reader": "^2.0.3",
        "extract-zip": "^2.0.1",
        "icc": "^4.0.0",
        "node-addon-api": "^8.9.0",
        "node-gyp": "^12.4.0",
        "publint": "^0.3.21",
        "tar-fs": "^3.1.3",
        "tsd": "^0.33.0"
      },
      "engines": {
        "node": ">=20.9.0"
      },
      "funding": {
        "url": "https://opencollective.com/libvips"
      },
      "optionalDependencies": {
        "@img/sharp-darwin-arm64": "0.35.3",
        "@img/sharp-darwin-x64": "0.35.3",
        "@img/sharp-freebsd-wasm32": "0.35.3",
        "@img/sharp-libvips-darwin-arm64": "1.3.2",
        "@img/sharp-libvips-darwin-x64": "1.3.2",
        "@img/sharp-libvips-linux-arm": "1.3.2",
        "@img/sharp-libvips-linux-arm64": "1.3.2",
        "@img/sharp-libvips-linux-ppc64": "1.3.2",
        "@img/sharp-libvips-linux-riscv64": "1.3.2",
        "@img/sharp-libvips-linux-s390x": "1.3.2",
        "@img/sharp-libvips-linux-x64": "1.3.2",
        "@img/sharp-libvips-linuxmusl-arm64": "1.3.2",
        "@img/sharp-libvips-linuxmusl-x64": "1.3.2",
        "@img/sharp-linux-arm": "0.35.3",
        "@img/sharp-linux-arm64": "0.35.3",
        "@img/sharp-linux-ppc64": "0.35.3",
        "@img/sharp-linux-riscv64": "0.35.3",
        "@img/sharp-linux-s390x": "0.35.3",
        "@img/sharp-linux-x64": "0.35.3",
        "@img/sharp-linuxmusl-arm64": "0.35.3",
        "@img/sharp-linuxmusl-x64": "0.35.3",
        "@img/sharp-webcontainers-wasm32": "0.35.3",
        "@img/sharp-win32-arm64": "0.35.3",
        "@img/sharp-win32-ia32": "0.35.3",
        "@img/sharp-win32-x64": "0.35.3"
      },
      "peerDependenciesMeta": {
        "@types/node": {
          "optional": true
        }
      }
    },
    "node_modules/@astrojs/mdx": {
      "resolved": "../.pnpm-store/v10/links/@astrojs/mdx/7.0.0/1065fd4b44b748ef24d8c51afb09e812fb0845bfb845600a7aa7657384018b06/node_modules/@astrojs/mdx",
      "link": true
    },
    "node_modules/@astrojs/rss": {
      "resolved": "../.pnpm-store/v10/links/@astrojs/rss/4.0.19/47d81c05830e9b15ab9a78d77d94c2058541f37487998c752c83d60d9bd56706/node_modules/@astrojs/rss",
      "link": true
    },
    "node_modules/@astrojs/sitemap": {
      "resolved": "../.pnpm-store/v10/links/@astrojs/sitemap/3.7.3/a9f4fe7df7ba46bad1b50227c590e5b8f49fcb3f61152e9a51f9e9a969345a6e/node_modules/@astrojs/sitemap",
      "link": true
    },
    "node_modules/@bruits/satteri-darwin-arm64": {
      "version": "0.9.4",
      "resolved": "https://registry.npmjs.org/@bruits/satteri-darwin-arm64/-/satteri-darwin-arm64-0.9.4.tgz",
      "integrity": "sha512-W3MSUkr2mZRR8Stoe+lqNAyzQzRuFMU8WffV9IvFSxTok0LGWR0ZZQPLELU4QTRiUbhL2Y4VUP9vV7pj8rHjgg==",
      "cpu": [
        "arm64"
      ],
      "optional": true,
      "os": [
        "darwin"
      ]
    },
    "node_modules/@bruits/satteri-darwin-x64": {
      "version": "0.9.4",
      "resolved": "https://registry.npmjs.org/@bruits/satteri-darwin-x64/-/satteri-darwin-x64-0.9.4.tgz",
      "integrity": "sha512-DXOuuaE1lsv7mpk2mOvGrzqoEWEvOIZEO/fXVa7zfM23Iob+CBjBkRAMwpHA4pmZ3j6Gj7WJzPKw0kQ7w741AQ==",
      "cpu": [
        "x64"
      ],
      "optional": true,
      "os": [
        "darwin"
      ]
    },
    "node_modules/@bruits/satteri-linux-arm64-gnu": {
      "version": "0.9.4",
      "resolved": "https://registry.npmjs.org/@bruits/satteri-linux-arm64-gnu/-/satteri-linux-arm64-gnu-0.9.4.tgz",
      "integrity": "sha512-gJxU9rGGoqIznSEgEzpjxkry24jeHuMpoo1tCIAhHYh7WaD3j5F8zt3jmHxEaN1Uwa+K5+wFgIR2uIGOnMzEmw==",
      "cpu": [
        "arm64"
      ],
      "libc": [
        "glibc"
      ],
      "optional": true,
      "os": [
        "linux"
      ]
    },
    "node_modules/@bruits/satteri-linux-arm64-musl": {
      "version": "0.9.4",
      "resolved": "https://registry.npmjs.org/@bruits/satteri-linux-arm64-musl/-/satteri-linux-arm64-musl-0.9.4.tgz",
      "integrity": "sha512-Wjzu9hmmAbfmDkBfPI1VdZygJtYz9uYZQnkEyrXi6S2JFi+2pXQ1A5irj38bqm0IZmWcTbk0cVG4NZnPdtVNJA==",
      "cpu": [
        "arm64"
      ],
      "libc": [
        "musl"
      ],
      "optional": true,
      "os": [
        "linux"
      ]
    },
    "node_modules/@bruits/satteri-linux-x64-gnu": {
      "version": "0.9.4",
      "resolved": "https://registry.npmjs.org/@bruits/satteri-linux-x64-gnu/-/satteri-linux-x64-gnu-0.9.4.tgz",
      "integrity": "sha512-MR1Q+wMx65FQlbSV7cRqWW87Knp0zkoaIV55Dt+xZl028wJABXEPEEmG3670SLq7lVZvcGIDwCgSg2kCYxvRwA==",
      "cpu": [
        "x64"
      ],
      "libc": [
        "glibc"
      ],
      "optional": true,
      "os": [
        "linux"
      ]
    },
    "node_modules/@bruits/satteri-linux-x64-musl": {
      "version": "0.9.4",
      "resolved": "https://registry.npmjs.org/@bruits/satteri-linux-x64-musl/-/satteri-linux-x64-musl-0.9.4.tgz",
      "integrity": "sha512-T4gxhXve3zyNAZesrXAd/rDZOGRkbfFIUFld4TGsw6BsjoIteCcDji6IMqeXyaWEVSykY2X8Eid2hr6aXGYAaw==",
      "cpu": [
        "x64"
      ],
      "libc": [
        "musl"
      ],
      "optional": true,
      "os": [
        "linux"
      ]
    },
    "node_modules/@bruits/satteri-wasm32-wasi": {
      "version": "0.9.4",
      "resolved": "https://registry.npmjs.org/@bruits/satteri-wasm32-wasi/-/satteri-wasm32-wasi-0.9.4.tgz",
      "integrity": "sha512-/CEG8LUlpaBEnhFnYVn0UnlHFLs51UhrkJBUPDUXLzkadzAcnR88iRA/nOl7Zwhjb4WhfBV4p3P5qeOJMtH0iA==",
      "cpu": [
        "wasm32"
      ],
      "optional": true,
      "dependencies": {
        "@emnapi/core": "1.11.1",
        "@emnapi/runtime": "1.11.1",
        "@napi-rs/wasm-runtime": "^1.1.6"
      },
      "engines": {
        "node": ">=14.0.0"
      }
    },
    "node_modules/@bruits/satteri-win32-arm64-msvc": {
      "version": "0.9.4",
      "resolved": "https://registry.npmjs.org/@bruits/satteri-win32-arm64-msvc/-/satteri-win32-arm64-msvc-0.9.4.tgz",
      "integrity": "sha512-E1ZPQbgCtFKiU7pFYVndynvY7ne4coeVDUgnVThErSFlJ2ceQCBZrfRTD1lzrIDy63Bbqo+g/cZY9duw+JYjIw==",
      "cpu": [
        "arm64"
      ],
      "optional": true,
      "os": [
        "win32"
      ]
    },
    "node_modules/@bruits/satteri-win32-x64-msvc": {
      "version": "0.9.4",
      "resolved": "https://registry.npmjs.org/@bruits/satteri-win32-x64-msvc/-/satteri-win32-x64-msvc-0.9.4.tgz",
      "integrity": "sha512-5I7SiarsNdAUuhJb50CXJPTwr/ECVrBoU+fymoLjChK5fW//+srhY4lstcNTzgFRtQSYfVtm4OQZz16CVMeTeA==",
      "cpu": [
        "x64"
      ],
      "optional": true,
      "os": [
        "win32"
      ]
    },
    "node_modules/@emnapi/core": {
      "version": "1.11.1",
      "resolved": "https://registry.npmjs.org/@emnapi/core/-/core-1.11.1.tgz",
      "integrity": "sha512-RSvbQmHzdKzNsLYa/wHrbc3KN4sYLKAdPZxqiM2HATqv/SBk2/ENSHpvXGaLOMcsAyz0poEGqkmmKYG3OWiJEQ==",
      "license": "MIT",
      "optional": true,
      "dependencies": {
        "@emnapi/wasi-threads": "1.2.2",
        "tslib": "^2.4.0"
      }
    },
    "node_modules/@emnapi/runtime": {
      "version": "1.11.1",
      "resolved": "https://registry.npmjs.org/@emnapi/runtime/-/runtime-1.11.1.tgz",
      "integrity": "sha512-vgj7R3y3Wgx24IQaGPA/R6YFXLHVMOZ0uVEyIQPaWs+rd1AzfEMXlAC22FYwO1XkKR6NPsq7mUandH8oIRdZFw==",
      "license": "MIT",
      "optional": true,
      "dependencies": {
        "tslib": "^2.4.0"
      }
    },
    "node_modules/@emnapi/wasi-threads": {
      "version": "1.2.2",
      "resolved": "https://registry.npmjs.org/@emnapi/wasi-threads/-/wasi-threads-1.2.2.tgz",
      "integrity": "sha512-c95qOXkHdydNKhscBTebqEC1CVAZpyqOfVfBzQ1qgzyl3gfeldUjIggDbIZgDKsHLgnsM+igH7TJ/eAasaVuMA==",
      "license": "MIT",
      "optional": true,
      "dependencies": {
        "tslib": "^2.4.0"
      }
    },
    "node_modules/@napi-rs/wasm-runtime": {
      "version": "1.1.6",
      "resolved": "https://registry.npmjs.org/@napi-rs/wasm-runtime/-/wasm-runtime-1.1.6.tgz",
      "integrity": "sha512-ZLv/JdUfkvOy9eCnnBaGfiO+XimbjebAeO+MRQqD/B+FR1tnRN0tpKSJHRbE8sFfS6aqsXZ67TQjfwfsxULVbg==",
      "license": "MIT",
      "optional": true,
      "dependencies": {
        "@tybys/wasm-util": "^0.10.3"
      },
      "funding": {
        "type": "github",
        "url": "https://github.com/sponsors/Brooooooklyn"
      },
      "peerDependencies": {
        "@emnapi/core": "^1.7.1",
        "@emnapi/runtime": "^1.7.1"
      }
    },
    "node_modules/@tybys/wasm-util": {
      "version": "0.10.3",
      "resolved": "https://registry.npmjs.org/@tybys/wasm-util/-/wasm-util-0.10.3.tgz",
      "integrity": "sha512-F3fo1MYrRJYL3zER0OUOmkutjr1Vp23m7OsSgp7nq4SP6OqX6C/56XFIPAl5bt3zaBRjmW7SGz3u/6LwFpYcOg==",
      "license": "MIT",
      "optional": true,
      "dependencies": {
        "tslib": "^2.4.0"
      }
    },
    "node_modules/@types/estree": {
      "version": "1.0.9",
      "resolved": "https://registry.npmjs.org/@types/estree/-/estree-1.0.9.tgz",
      "integrity": "sha512-GhdPgy1el4/ImP05X05Uw4cw2/M93BCUmnEvWZNStlCzEKME4Fkk+YpoA5OiHNQmoS7Cafb8Xa3Pya8m1Qrzeg==",
      "license": "MIT"
    },
    "node_modules/@types/estree-jsx": {
      "version": "1.0.5",
      "resolved": "https://registry.npmjs.org/@types/estree-jsx/-/estree-jsx-1.0.5.tgz",
      "integrity": "sha512-52CcUVNFyfb1A2ALocQw/Dd1BQFNmSdkuC3BkZ6iqhdMfQz7JWOFRuJFloOzjk+6WijU56m9oKXFAXc7o3Towg==",
      "license": "MIT",
      "dependencies": {
        "@types/estree": "*"
      }
    },
    "node_modules/@types/hast": {
      "version": "3.0.4",
      "resolved": "https://registry.npmjs.org/@types/hast/-/hast-3.0.4.tgz",
      "integrity": "sha512-WPs+bbQw5aCj+x6laNGWLH3wviHtoCv/P3+otBhbOhJgG8qtpdAMlTCxLtsTWA7LH1Oh/bFCHsBn0TPS5m30EQ==",
      "license": "MIT",
      "dependencies": {
        "@types/unist": "*"
      }
    },
    "node_modules/@types/mdast": {
      "version": "4.0.4",
      "resolved": "https://registry.npmjs.org/@types/mdast/-/mdast-4.0.4.tgz",
      "integrity": "sha512-kGaNbPh1k7AFzgpud/gMdvIm5xuECykRR+JnWKQno9TAXVa6WIVCGTPvYGekIDL4uwCZQSYbUxNBSb1aUo79oA==",
      "license": "MIT",
      "dependencies": {
        "@types/unist": "*"
      }
    },
    "node_modules/@types/unist": {
      "version": "3.0.3",
      "resolved": "https://registry.npmjs.org/@types/unist/-/unist-3.0.3.tgz",
      "integrity": "sha512-ko/gIFJRv177XgZsZcBwnqJN5x/Gien8qNOn0D5bQU/zAzVf9Zt3BlcUiLqhV9y4ARk0GbT3tnUiPNgnTXzc/Q==",
      "license": "MIT"
    },
    "node_modules/astro": {
      "resolved": "../.pnpm-store/v10/links/astro/7.0.4/e4e5c7887a4fa77132b6aa4aadc50148e727f3968786f385389be2bfd1ba64e2/node_modules/astro",
      "link": true
    },
    "node_modules/satteri": {
      "version": "0.9.4",
      "resolved": "https://registry.npmjs.org/satteri/-/satteri-0.9.4.tgz",
      "integrity": "sha512-BKob126Tay84diOZsnVNH/Q/c+3njPJTCad3w5zLKa6j8bVjxskPNHDtxrMwYK4bN/RlqUSdMnPwKY4k65EMOQ==",
      "dependencies": {
        "@types/estree-jsx": "^1.0.5",
        "@types/hast": "^3.0.4",
        "@types/mdast": "^4.0.4",
        "@types/unist": "^3.0.3"
      },
      "optionalDependencies": {
        "@bruits/satteri-darwin-arm64": "0.9.4",
        "@bruits/satteri-darwin-x64": "0.9.4",
        "@bruits/satteri-linux-arm64-gnu": "0.9.4",
        "@bruits/satteri-linux-arm64-musl": "0.9.4",
        "@bruits/satteri-linux-x64-gnu": "0.9.4",
        "@bruits/satteri-linux-x64-musl": "0.9.4",
        "@bruits/satteri-wasm32-wasi": "0.9.4",
        "@bruits/satteri-win32-arm64-msvc": "0.9.4",
        "@bruits/satteri-win32-x64-msvc": "0.9.4"
      }
    },
    "node_modules/sharp": {
      "resolved": "../.pnpm-store/v10/links/sharp/0.35.3/5e8d15846ff95c51562bc5ac2758bae440b71bfd4c131af697e1eaf6370a41d0/node_modules/sharp",
      "link": true
    },
    "node_modules/tslib": {
      "version": "2.8.1",
      "resolved": "https://registry.npmjs.org/tslib/-/tslib-2.8.1.tgz",
      "integrity": "sha512-oJFu94HQb+KVduSUQL7wnpmqnfmLsOA/nAh6b6EH0wCEoK0/mPeXU6c3wKDV83MkOuHPRHtSXKKU99IBazS/2w==",
      "license": "0BSD",
      "optional": true
    }
  }
}
